
Microsoft Visual Studio Solution File, Format Version 12.00
# Visual Studio Version 17
VisualStudioVersion = 17.0.31903.59
MinimumVisualStudioVersion = 10.0.40219.1
Project("{2150E333-8FDC-42A3-9474-1A3956D46DE8}") = "src", "src", "{21A3A72D-6306-4522-B865-3744D8F7707A}"
EndProject
Project("{FAE04EC0-301F-11D3-BF4B-00C04F79EFBC}") = "SpeakText.App", "src\SpeakText.App\SpeakText.App.csproj", "{5BB1B09D-FB19-42D2-B9E7-5FB049E9ACD5}"
EndProject
Global
	GlobalSection(SolutionConfigurationPlatforms) = preSolution
		Debug|Any CPU = Debug|Any CPU
		Release|Any CPU = Release|Any CPU
	EndGlobalSection
	GlobalSection(SolutionProperties) = preSolution
		HideSolutionNode = FALSE
	EndGlobalSection
	GlobalSection(ProjectConfigurationPlatforms) = postSolution
		{5BB1B09D-FB19-42D2-B9E7-5FB049E9ACD5}.Debug|Any CPU.ActiveCfg = Debug|Any CPU
		{5BB1B09D-FB19-42D2-B9E7-5FB049E9ACD5}.Debug|Any CPU.Build.0 = Debug|Any CPU
		{5BB1B09D-FB19-42D2-B9E7-5FB049E9ACD5}.Release|Any CPU.ActiveCfg = Release|Any CPU
		{5BB1B09D-FB19-42D2-B9E7-5FB049E9ACD5}.Release|Any CPU.Build.0 = Release|Any CPU
	EndGlobalSection
	GlobalSection(NestedProjects) = preSolution
		{5BB1B09D-FB19-42D2-B9E7-5FB049E9ACD5} = {21A3A72D-6306-4522-B865-3744D8F7707A}
	EndGlobalSection
EndGlobal
